// !$*UTF8*$!
{
	archiveVersion = 1;
	classes = {
	};
	objectVersion = 46;
	objects = {

/* Begin PBXBuildFile section */
		83EF1EBE1ADD116F0079DAEE /* main.m in Sources */ = {isa = PBXBuildFile; fileRef = 83EF1EBD1ADD116F0079DAEE /* main.m */; };
		83EF1EC11ADD116F0079DAEE /* AppDelegate.m in Sources */ = {isa = PBXBuildFile; fileRef = 83EF1EC01ADD116F0079DAEE /* AppDelegate.m */; };
		83EF1EC71ADD116F0079DAEE /* Main.storyboard in Resources */ = {isa = PBXBuildFile; fileRef = 83EF1EC51ADD116F0079DAEE /* Main.storyboard */; };
		83EF1EC91ADD116F0079DAEE /* Images.xcassets in Resources */ = {isa = PBXBuildFile; fileRef = 83EF1EC81ADD116F0079DAEE /* Images.xcassets */; };
		83EF1ECC1ADD116F0079DAEE /* LaunchScreen.xib in Resources */ = {isa = PBXBuildFile; fileRef = 83EF1ECA1ADD116F0079DAEE /* LaunchScreen.xib */; };
		83EF1ED81ADD116F0079DAEE /* ToDoListTests.m in Sources */ = {isa = PBXBuildFile; fileRef = 83EF1ED71ADD116F0079DAEE /* ToDoListTests.m */; };
		83EF1EE31ADE06AD0079DAEE /* AddToDoItemViewController.m in Sources */ = {isa = PBXBuildFile; fileRef = 83EF1EE21ADE06AD0079DAEE /* AddToDoItemViewController.m */; };
		83EF1EE61ADE07A00079DAEE /* ToDoListTableViewController.m in Sources */ = {isa = PBXBuildFile; fileRef = 83EF1EE51ADE07A00079DAEE /* ToDoListTableViewController.m */; };
		83EF1EE91ADE0CFF0079DAEE /* ToDoItem.m in Sources */ = {isa = PBXBuildFile; fileRef = 83EF1EE81ADE0CFF0079DAEE /* ToDoItem.m */; };
/* End PBXBuildFile section */

/* Begin PBXContainerItemProxy section */
		83EF1ED21ADD116F0079DAEE /* PBXContainerItemProxy */ = {
			isa = PBXContainerItemProxy;
			containerPortal = 83EF1EB01ADD116F0079DAEE /* Project object */;
			proxyType = 1;
			remoteGlobalIDString = 83EF1EB71ADD116F0079DAEE;
			remoteInfo = ToDoList;
		};
/* End PBXContainerItemProxy section */

/* Begin PBXFileReference section */
		83EF1EB81ADD116F0079DAEE /* ToDoList.app */ = {isa = PBXFileReference; explicitFileType = wrapper.application; includeInIndex = 0; path = ToDoList.app; sourceTree = BUILT_PRODUCTS_DIR; };
		83EF1EBC1ADD116F0079DAEE /* Info.plist */ = {isa = PBXFileReference; lastKnownFileType = text.plist.xml; path = Info.plist; sourceTree = "<group>"; };
		83EF1EBD1ADD116F0079DAEE /* main.m */ = {isa = PBXFileReference; lastKnownFileType = sourcecode.c.objc; path = main.m; sourceTree = "<group>"; };
		83EF1EBF1ADD116F0079DAEE /* AppDelegate.h */ = {isa = PBXFileReference; lastKnownFileType = sourcecode.c.h; path = AppDelegate.h; sourceTree = "<group>"; };
		83EF1EC01ADD116F0079DAEE /* AppDelegate.m */ = {isa = PBXFileReference; lastKnownFileType = sourcecode.c.objc; path = AppDelegate.m; sourceTree = "<group>"; };
		83EF1EC61ADD116F0079DAEE /* Base */ = {isa = PBXFileReference; lastKnownFileType = file.storyboard; name = Base; path = Base.lproj/Main.storyboard; sourceTree = "<group>"; };
		83EF1EC81ADD116F0079DAEE /* Images.xcassets */ = {isa = PBXFileReference; lastKnownFileType = folder.assetcatalog; path = Images.xcassets; sourceTree = "<group>"; };
		83EF1ECB1ADD116F0079DAEE /* Base */ = {isa = PBXFileReference; lastKnownFileType = file.xib; name = Base; path = Base.lproj/LaunchScreen.xib; sourceTree = "<group>"; };
		83EF1ED11ADD116F0079DAEE /* ToDoListTests.xctest */ = {isa = PBXFileReference; explicitFileType = wrapper.cfbundle; includeInIndex = 0; path = ToDoListTests.xctest; sourceTree = BUILT_PRODUCTS_DIR; };
		83EF1ED61ADD116F0079DAEE /* Info.plist */ = {isa = PBXFileReference; lastKnownFileType = text.plist.xml; path = Info.plist; sourceTree = "<group>"; };
		83EF1ED71ADD116F0079DAEE /* ToDoListTests.m */ = {isa = PBXFileReference; lastKnownFileType = sourcecode.c.objc; path = ToDoListTests.m; sourceTree = "<group>"; };
		83EF1EE11ADE06AD0079DAEE /* AddToDoItemViewController.h */ = {isa = PBXFileReference; fileEncoding = 4; lastKnownFileType = sourcecode.c.h; path = AddToDoItemViewController.h; sourceTree = "<group>"; };
		83EF1EE21ADE06AD0079DAEE /* AddToDoItemViewController.m */ = {isa = PBXFileReference; fileEncoding = 4; lastKnownFileType = sourcecode.c.objc; path = AddToDoItemViewController.m; sourceTree = "<group>"; };
		83EF1EE41ADE07A00079DAEE /* ToDoListTableViewController.h */ = {isa = PBXFileReference; fileEncoding = 4; lastKnownFileType = sourcecode.c.h; path = ToDoListTableViewController.h; sourceTree = "<group>"; };
		83EF1EE51ADE07A00079DAEE /* ToDoListTableViewController.m */ = {isa = PBXFileReference; fileEncoding = 4; lastKnownFileType = sourcecode.c.objc; path = ToDoListTableViewController.m; sourceTree = "<group>"; };
		83EF1EE71ADE0CFF0079DAEE /* ToDoItem.h */ = {isa = PBXFileReference; fileEncoding = 4; lastKnownFileType = sourcecode.c.h; path = ToDoItem.h; sourceTree = "<group>"; };
		83EF1EE81ADE0CFF0079DAEE /* ToDoItem.m */ = {isa = PBXFileReference; fileEncoding = 4; lastKnownFileType = sourcecode.c.objc; path = ToDoItem.m; sourceTree = "<group>"; };
/* End PBXFileReference section */

/* Begin PBXFrameworksBuildPhase section */
		83EF1EB51ADD116F0079DAEE /* Frameworks */ = {
			isa = PBXFrameworksBuildPhase;
			buildActionMask = 2147483647;
			files = (
			);
			runOnlyForDeploymentPostprocessing = 0;
		};
		83EF1ECE1ADD116F0079DAEE /* Frameworks */ = {
			isa = PBXFrameworksBuildPhase;
			buildActionMask = 2147483647;
			files = (
			);
			runOnlyForDeploymentPostprocessing = 0;
		};
/* End PBXFrameworksBuildPhase section */

/* Begin PBXGroup section */
		83EF1EAF1ADD116F0079DAEE = {
			isa = PBXGroup;
			children = (
				83EF1EBA1ADD116F0079DAEE /* ToDoList */,
				83EF1ED41ADD116F0079DAEE /* ToDoListTests */,
				83EF1EB91ADD116F0079DAEE /* Products */,
			);
			sourceTree = "<group>";
		};
		83EF1EB91ADD116F0079DAEE /* Products */ = {
			isa = PBXGroup;
			children = (
				83EF1EB81ADD116F0079DAEE /* ToDoList.app */,
				83EF1ED11ADD116F0079DAEE /* ToDoListTests.xctest */,
			);
			name = Products;
			sourceTree = "<group>";
		};
		83EF1EBA1ADD116F0079DAEE /* ToDoList */ = {
			isa = PBXGroup;
			children = (
				83EF1EBF1ADD116F0079DAEE /* AppDelegate.h */,
				83EF1EC01ADD116F0079DAEE /* AppDelegate.m */,
				83EF1EE11ADE06AD0079DAEE /* AddToDoItemViewController.h */,
				83EF1EE21ADE06AD0079DAEE /* AddToDoItemViewController.m */,
				83EF1EC51ADD116F0079DAEE /* Main.storyboard */,
				83EF1EE71ADE0CFF0079DAEE /* ToDoItem.h */,
				83EF1EE81ADE0CFF0079DAEE /* ToDoItem.m */,
				83EF1EE41ADE07A00079DAEE /* ToDoListTableViewController.h */,
				83EF1EE51ADE07A00079DAEE /* ToDoListTableViewController.m */,
				83EF1EC81ADD116F0079DAEE /* Images.xcassets */,
				83EF1ECA1ADD116F0079DAEE /* LaunchScreen.xib */,
				83EF1EBB1ADD116F0079DAEE /* Supporting Files */,
			);
			path = ToDoList;
			sourceTree = "<group>";
		};
		83EF1EBB1ADD116F0079DAEE /* Supporting Files */ = {
			isa = PBXGroup;
			children = (
				83EF1EBC1ADD116F0079DAEE /* Info.plist */,
				83EF1EBD1ADD116F0079DAEE /* main.m */,
			);
			name = "Supporting Files";
			sourceTree = "<group>";
		};
		83EF1ED41ADD116F0079DAEE /* ToDoListTests */ = {
			isa = PBXGroup;
			children = (
				83EF1ED71ADD116F0079DAEE /* ToDoListTests.m */,
				83EF1ED51ADD116F0079DAEE /* Supporting Files */,
			);
			path = ToDoListTests;
			sourceTree = "<group>";
		};
		83EF1ED51ADD116F0079DAEE /* Supporting Files */ = {
			isa = PBXGroup;
			children = (
				83EF1ED61ADD116F0079DAEE /* Info.plist */,
			);
			name = "Supporting Files";
			sourceTree = "<group>";
		};
/* End PBXGroup section */

/* Begin PBXNativeTarget section */
		83EF1EB71ADD116F0079DAEE /* ToDoList */ = {
			isa = PBXNativeTarget;
			buildConfigurationList = 83EF1EDB1ADD116F0079DAEE /* Build configuration list for PBXNativeTarget "ToDoList" */;
			buildPhases = (
				83EF1EB41ADD116F0079DAEE /* Sources */,
				83EF1EB51ADD116F0079DAEE /* Frameworks */,
				83EF1EB61ADD116F0079DAEE /* Resources */,
			);
			buildRules = (
			);
			dependencies = (
			);
			name = ToDoList;
			productName = ToDoList;
			productReference = 83EF1EB81ADD116F0079DAEE /* ToDoList.app */;
			productType = "com.apple.product-type.application";
		};
		83EF1ED01ADD116F0079DAEE /* ToDoListTests */ = {
			isa = PBXNativeTarget;
			buildConfigurationList = 83EF1EDE1ADD116F0079DAEE /* Build configuration list for PBXNativeTarget "ToDoListTests" */;
			buildPhases = (
				83EF1ECD1ADD116F0079DAEE /* Sources */,
				83EF1ECE1ADD116F0079DAEE /* Frameworks */,
				83EF1ECF1ADD116F0079DAEE /* Resources */,
			);
			buildRules = (
			);
			dependencies = (
				83EF1ED31ADD116F0079DAEE /* PBXTargetDependency */,
			);
			name = ToDoListTests;
			productName = ToDoListTests;
			productReference = 83EF1ED11ADD116F0079DAEE /* ToDoListTests.xctest */;
			productType = "com.apple.product-type.bundle.unit-test";
		};
/* End PBXNativeTarget section */

/* Begin PBXProject section */
		83EF1EB01ADD116F0079DAEE /* Project object */ = {
			isa = PBXProject;
			attributes = {
				LastUpgradeCheck = 0630;
				ORGANIZATIONNAME = feelang;
				TargetAttributes = {
					83EF1EB71ADD116F0079DAEE = {
						CreatedOnToolsVersion = 6.3;
					};
					83EF1ED01ADD116F0079DAEE = {
						CreatedOnToolsVersion = 6.3;
						TestTargetID = 83EF1EB71ADD116F0079DAEE;
					};
				};
			};
			buildConfigurationList = 83EF1EB31ADD116F0079DAEE /* Build configuration list for PBXProject "ToDoList" */;
			compatibilityVersion = "Xcode 3.2";
			developmentRegion = English;
			hasScannedForEncodings = 0;
			knownRegions = (
				en,
				Base,
			);
			mainGroup = 83EF1EAF1ADD116F0079DAEE;
			productRefGroup = 83EF1EB91ADD116F0079DAEE /* Products */;
			projectDirPath = "";
			projectRoot = "";
			targets = (
				83EF1EB71ADD116F0079DAEE /* ToDoList */,
				83EF1ED01ADD116F0079DAEE /* ToDoListTests */,
			);
		};
/* End PBXProject section */

/* Begin PBXResourcesBuildPhase section */
		83EF1EB61ADD116F0079DAEE /* Resources */ = {
			isa = PBXResourcesBuildPhase;
			buildActionMask = 2147483647;
			files = (
				83EF1EC71ADD116F0079DAEE /* Main.storyboard in Resources */,
				83EF1ECC1ADD116F0079DAEE /* LaunchScreen.xib in Resources */,
				83EF1EC91ADD116F0079DAEE /* Images.xcassets in Resources */,
			);
			runOnlyForDeploymentPostprocessing = 0;
		};
		83EF1ECF1ADD116F0079DAEE /* Resources */ = {
			isa = PBXResourcesBuildPhase;
			buildActionMask = 2147483647;
			files = (
			);
			runOnlyForDeploymentPostprocessing = 0;
		};
/* End PBXResourcesBuildPhase section */

/* Begin PBXSourcesBuildPhase section */
		83EF1EB41ADD116F0079DAEE /* Sources */ = {
			isa = PBXSourcesBuildPhase;
			buildActionMask = 2147483647;
			files = (
				83EF1EC11ADD116F0079DAEE /* AppDelegate.m in Sources */,
				83EF1EE91ADE0CFF0079DAEE /* ToDoItem.m in Sources */,
				83EF1EE61ADE07A00079DAEE /* ToDoListTableViewController.m in Sources */,
				83EF1EBE1ADD116F0079DAEE /* main.m in Sources */,
				83EF1EE31ADE06AD0079DAEE /* AddToDoItemViewController.m in Sources */,
			);
			runOnlyForDeploymentPostprocessing = 0;
		};
		83EF1ECD1ADD116F0079DAEE /* Sources */ = {
			isa = PBXSourcesBuildPhase;
			buildActionMask = 2147483647;
			files = (
				83EF1ED81ADD116F0079DAEE /* ToDoListTests.m in Sources */,
			);
			runOnlyForDeploymentPostprocessing = 0;
		};
/* End PBXSourcesBuildPhase section */

/* Begin PBXTargetDependency section */
		83EF1ED31ADD116F0079DAEE /* PBXTargetDependency */ = {
			isa = PBXTargetDependency;
			target = 83EF1EB71ADD116F0079DAEE /* ToDoList */;
			targetProxy = 83EF1ED21ADD116F0079DAEE /* PBXContainerItemProxy */;
		};
/* End PBXTargetDependency section */

/* Begin PBXVariantGroup section */
		83EF1EC51ADD116F0079DAEE /* Main.storyboard */ = {
			isa = PBXVariantGroup;
			children = (
				83EF1EC61ADD116F0079DAEE /* Base */,
			);
			name = Main.storyboard;
			sourceTree = "<group>";
		};
		83EF1ECA1ADD116F0079DAEE /* LaunchScreen.xib */ = {
			isa = PBXVariantGroup;
			children = (
				83EF1ECB1ADD116F0079DAEE /* Base */,
			);
			name = LaunchScreen.xib;
			sourceTree = "<group>";
		};
/* End PBXVariantGroup section */

/* Begin XCBuildConfiguration section */
		83EF1ED91ADD116F0079DAEE /* Debug */ = {
			isa = XCBuildConfiguration;
			buildSettings = {
				ALWAYS_SEARCH_USER_PATHS = NO;
				CLANG_CXX_LANGUAGE_STANDARD = "gnu++0x";
				CLANG_CXX_LIBRARY = "libc++";
				CLANG_ENABLE_MODULES = YES;
				CLANG_ENABLE_OBJC_ARC = YES;
				CLANG_WARN_BOOL_CONVERSION = YES;
				CLANG_WARN_CONSTANT_CONVERSION = YES;
				CLANG_WARN_DIRECT_OBJC_ISA_USAGE = YES_ERROR;
				CLANG_WARN_EMPTY_BODY = YES;
				CLANG_WARN_ENUM_CONVERSION = YES;
				CLANG_WARN_INT_CONVERSION = YES;
				CLANG_WARN_OBJC_ROOT_CLASS = YES_ERROR;
				CLANG_WARN_UNREACHABLE_CODE = YES;
				CLANG_WARN__DUPLICATE_METHOD_MATCH = YES;
				"CODE_SIGN_IDENTITY[sdk=iphoneos*]" = "iPhone Developer";
				COPY_PHASE_STRIP = NO;
				DEBUG_INFORMATION_FORMAT = "dwarf-with-dsym";
				ENABLE_STRICT_OBJC_MSGSEND = YES;
				GCC_C_LANGUAGE_STANDARD = gnu99;
				GCC_DYNAMIC_NO_PIC = NO;
				GCC_NO_COMMON_BLOCKS = YES;
				GCC_OPTIMIZATION_LEVEL = 0;
				GCC_PREPROCESSOR_DEFINITIONS = (
					"DEBUG=1",
					"$(inherited)",
				);
				GCC_SYMBOLS_PRIVATE_EXTERN = NO;
				GCC_WARN_64_TO_32_BIT_CONVERSION = YES;
				GCC_WARN_ABOUT_RETURN_TYPE = YES_ERROR;
				GCC_WARN_UNDECLARED_SELECTOR = YES;
				GCC_WARN_UNINITIALIZED_AUTOS = YES_AGGRESSIVE;
				GCC_WARN_UNUSED_FUNCTION = YES;
				GCC_WARN_UNUSED_VARIABLE = YES;
				IPHONEOS_DEPLOYMENT_TARGET = 8.3;
				MTL_ENABLE_DEBUG_INFO = YES;
				ONLY_ACTIVE_ARCH = YES;
				SDKROOT = iphoneos;
				TARGETED_DEVICE_FAMILY = "1,2";
			};
			name = Debug;
		};
		83EF1EDA1ADD116F0079DAEE /* Release */ = {
			isa = XCBuildConfiguration;
			buildSettings = {
				ALWAYS_SEARCH_USER_PATHS = NO;
				CLANG_CXX_LANGUAGE_STANDARD = "gnu++0x";
				CLANG_CXX_LIBRARY = "libc++";
				CLANG_ENABLE_MODULES = YES;
				CLANG_ENABLE_OBJC_ARC = YES;
				CLANG_WARN_BOOL_CONVERSION = YES;
				CLANG_WARN_CONSTANT_CONVERSION = YES;
				CLANG_WARN_DIRECT_OBJC_ISA_USAGE = YES_ERROR;
				CLANG_WARN_EMPTY_BODY = YES;
				CLANG_WARN_ENUM_CONVERSION = YES;
				CLANG_WARN_INT_CONVERSION = YES;
				CLANG_WARN_OBJC_ROOT_CLASS = YES_ERROR;
				CLANG_WARN_UNREACHABLE_CODE = YES;
				CLANG_WARN__DUPLICATE_METHOD_MATCH = YES;
				"CODE_SIGN_IDENTITY[sdk=iphoneos*]" = "iPhone Developer";
				COPY_PHASE_STRIP = NO;
				DEBUG_INFORMATION_FORMAT = "dwarf-with-dsym";
				ENABLE_NS_ASSERTIONS = NO;
				ENABLE_STRICT_OBJC_MSGSEND = YES;
				GCC_C_LANGUAGE_STANDARD = gnu99;
				GCC_NO_COMMON_BLOCKS = YES;
				GCC_WARN_64_TO_32_BIT_CONVERSION = YES;
				GCC_WARN_ABOUT_RETURN_TYPE = YES_ERROR;
				GCC_WARN_UNDECLARED_SELECTOR = YES;
				GCC_WARN_UNINITIALIZED_AUTOS = YES_AGGRESSIVE;
				GCC_WARN_UNUSED_FUNCTION = YES;
				GCC_WARN_UNUSED_VARIABLE = YES;
				IPHONEOS_DEPLOYMENT_TARGET = 8.3;
				MTL_ENABLE_DEBUG_INFO = NO;
				SDKROOT = iphoneos;
				TARGETED_DEVICE_FAMILY = "1,2";
				VALIDATE_PRODUCT = YES;
			};
			name = Release;
		};
		83EF1EDC1ADD116F0079DAEE /* Debug */ = {
			isa = XCBuildConfiguration;
			buildSettings = {
				ASSETCATALOG_COMPILER_APPICON_NAME = AppIcon;
				CODE_SIGN_IDENTITY = "iPhone Developer";
				INFOPLIST_FILE = ToDoList/Info.plist;
				LD_RUNPATH_SEARCH_PATHS = "$(inherited) @executable_path/Frameworks";
				PRODUCT_NAME = "$(TARGET_NAME)";
			};
			name = Debug;
		};
		83EF1EDD1ADD116F0079DAEE /* Release */ = {
			isa = XCBuildConfiguration;
			buildSettings = {
				ASSETCATALOG_COMPILER_APPICON_NAME = AppIcon;
				CODE_SIGN_IDENTITY = "iPhone Developer";
				INFOPLIST_FILE = ToDoList/Info.plist;
				LD_RUNPATH_SEARCH_PATHS = "$(inherited) @executable_path/Frameworks";
				PRODUCT_NAME = "$(TARGET_NAME)";
			};
			name = Release;
		};
		83EF1EDF1ADD116F0079DAEE /* Debug */ = {
			isa = XCBuildConfiguration;
			buildSettings = {
				BUNDLE_LOADER = "$(TEST_HOST)";
				FRAMEWORK_SEARCH_PATHS = (
					"$(SDKROOT)/Developer/Library/Frameworks",
					"$(inherited)",
				);
				GCC_PREPROCESSOR_DEFINITIONS = (
					"DEBUG=1",
					"$(inherited)",
				);
				INFOPLIST_FILE = ToDoListTests/Info.plist;
				LD_RUNPATH_SEARCH_PATHS = "$(inherited) @executable_path/Frameworks @loader_path/Frameworks";
				PRODUCT_NAME = "$(TARGET_NAME)";
				TEST_HOST = "$(BUILT_PRODUCTS_DIR)/ToDoList.app/ToDoList";
			};
			name = Debug;
		};
		83EF1EE01ADD116F0079DAEE /* Release */ = {
			isa = XCBuildConfiguration;
			buildSettings = {
				BUNDLE_LOADER = "$(TEST_HOST)";
				FRAMEWORK_SEARCH_PATHS = (
					"$(SDKROOT)/Developer/Library/Frameworks",
					"$(inherited)",
				);
				INFOPLIST_FILE = ToDoListTests/Info.plist;
				LD_RUNPATH_SEARCH_PATHS = "$(inherited) @executable_path/Frameworks @loader_path/Frameworks";
				PRODUCT_NAME = "$(TARGET_NAME)";
				TEST_HOST = "$(BUILT_PRODUCTS_DIR)/ToDoList.app/ToDoList";
			};
			name = Release;
		};
/* End XCBuildConfiguration section */

/* Begin XCConfigurationList section */
		83EF1EB31ADD116F0079DAEE /* Build configuration list for PBXProject "ToDoList" */ = {
			isa = XCConfigurationList;
			buildConfigurations = (
				83EF1ED91ADD116F0079DAEE /* Debug */,
				83EF1EDA1ADD116F0079DAEE /* Release */,
			);
			defaultConfigurationIsVisible = 0;
			defaultConfigurationName = Release;
		};
		83EF1EDB1ADD116F0079DAEE /* Build configuration list for PBXNativeTarget "ToDoList" */ = {
			isa = XCConfigurationList;
			buildConfigurations = (
				83EF1EDC1ADD116F0079DAEE /* Debug */,
				83EF1EDD1ADD116F0079DAEE /* Release */,
			);
			defaultConfigurationIsVisible = 0;
			defaultConfigurationName = Release;
		};
		83EF1EDE1ADD116F0079DAEE /* Build configuration list for PBXNativeTarget "ToDoListTests" */ = {
			isa = XCConfigurationList;
			buildConfigurations = (
				83EF1EDF1ADD116F0079DAEE /* Debug */,
				83EF1EE01ADD116F0079DAEE /* Release */,
			);
			defaultConfigurationIsVisible = 0;
			defaultConfigurationName = Release;
		};
/* End XCConfigurationList section */
	};
	rootObject = 83EF1EB01ADD116F0079DAEE /* Project object */;
}
