// !$*UTF8*$!
{
	archiveVersion = 1;
	classes = {
	};
	objectVersion = 46;
	objects = {

/* Begin PBXBuildFile section */
		83FAE18D1B560AFE00AFF0BC /* main.m in Sources */ = {isa = PBXBuildFile; fileRef = 83FAE18C1B560AFE00AFF0BC /* main.m */; };
		83FAE1901B560AFE00AFF0BC /* AppDelegate.m in Sources */ = {isa = PBXBuildFile; fileRef = 83FAE18F1B560AFE00AFF0BC /* AppDelegate.m */; };
		83FAE1931B560AFE00AFF0BC /* ViewController.m in Sources */ = {isa = PBXBuildFile; fileRef = 83FAE1921B560AFE00AFF0BC /* ViewController.m */; };
		83FAE1961B560AFE00AFF0BC /* Main.storyboard in Resources */ = {isa = PBXBuildFile; fileRef = 83FAE1941B560AFE00AFF0BC /* Main.storyboard */; };
		83FAE1981B560AFE00AFF0BC /* Images.xcassets in Resources */ = {isa = PBXBuildFile; fileRef = 83FAE1971B560AFE00AFF0BC /* Images.xcassets */; };
		83FAE19B1B560AFE00AFF0BC /* LaunchScreen.xib in Resources */ = {isa = PBXBuildFile; fileRef = 83FAE1991B560AFE00AFF0BC /* LaunchScreen.xib */; };
		83FAE1A71B560AFE00AFF0BC /* UICollectionViewWithMenuTests.m in Sources */ = {isa = PBXBuildFile; fileRef = 83FAE1A61B560AFE00AFF0BC /* UICollectionViewWithMenuTests.m */; };
/* End PBXBuildFile section */

/* Begin PBXContainerItemProxy section */
		83FAE1A11B560AFE00AFF0BC /* PBXContainerItemProxy */ = {
			isa = PBXContainerItemProxy;
			containerPortal = 83FAE17F1B560AFE00AFF0BC /* Project object */;
			proxyType = 1;
			remoteGlobalIDString = 83FAE1861B560AFE00AFF0BC;
			remoteInfo = UICollectionViewWithMenu;
		};
/* End PBXContainerItemProxy section */

/* Begin PBXFileReference section */
		83FAE1871B560AFE00AFF0BC /* UICollectionViewWithMenu.app */ = {isa = PBXFileReference; explicitFileType = wrapper.application; includeInIndex = 0; path = UICollectionViewWithMenu.app; sourceTree = BUILT_PRODUCTS_DIR; };
		83FAE18B1B560AFE00AFF0BC /* Info.plist */ = {isa = PBXFileReference; lastKnownFileType = text.plist.xml; path = Info.plist; sourceTree = "<group>"; };
		83FAE18C1B560AFE00AFF0BC /* main.m */ = {isa = PBXFileReference; lastKnownFileType = sourcecode.c.objc; path = main.m; sourceTree = "<group>"; };
		83FAE18E1B560AFE00AFF0BC /* AppDelegate.h */ = {isa = PBXFileReference; lastKnownFileType = sourcecode.c.h; path = AppDelegate.h; sourceTree = "<group>"; };
		83FAE18F1B560AFE00AFF0BC /* AppDelegate.m */ = {isa = PBXFileReference; lastKnownFileType = sourcecode.c.objc; path = AppDelegate.m; sourceTree = "<group>"; };
		83FAE1911B560AFE00AFF0BC /* ViewController.h */ = {isa = PBXFileReference; lastKnownFileType = sourcecode.c.h; path = ViewController.h; sourceTree = "<group>"; };
		83FAE1921B560AFE00AFF0BC /* ViewController.m */ = {isa = PBXFileReference; lastKnownFileType = sourcecode.c.objc; path = ViewController.m; sourceTree = "<group>"; };
		83FAE1951B560AFE00AFF0BC /* Base */ = {isa = PBXFileReference; lastKnownFileType = file.storyboard; name = Base; path = Base.lproj/Main.storyboard; sourceTree = "<group>"; };
		83FAE1971B560AFE00AFF0BC /* Images.xcassets */ = {isa = PBXFileReference; lastKnownFileType = folder.assetcatalog; path = Images.xcassets; sourceTree = "<group>"; };
		83FAE19A1B560AFE00AFF0BC /* Base */ = {isa = PBXFileReference; lastKnownFileType = file.xib; name = Base; path = Base.lproj/LaunchScreen.xib; sourceTree = "<group>"; };
		83FAE1A01B560AFE00AFF0BC /* UICollectionViewWithMenuTests.xctest */ = {isa = PBXFileReference; explicitFileType = wrapper.cfbundle; includeInIndex = 0; path = UICollectionViewWithMenuTests.xctest; sourceTree = BUILT_PRODUCTS_DIR; };
		83FAE1A51B560AFE00AFF0BC /* Info.plist */ = {isa = PBXFileReference; lastKnownFileType = text.plist.xml; path = Info.plist; sourceTree = "<group>"; };
		83FAE1A61B560AFE00AFF0BC /* UICollectionViewWithMenuTests.m */ = {isa = PBXFileReference; lastKnownFileType = sourcecode.c.objc; path = UICollectionViewWithMenuTests.m; sourceTree = "<group>"; };
/* End PBXFileReference section */

/* Begin PBXFrameworksBuildPhase section */
		83FAE1841B560AFE00AFF0BC /* Frameworks */ = {
			isa = PBXFrameworksBuildPhase;
			buildActionMask = 2147483647;
			files = (
			);
			runOnlyForDeploymentPostprocessing = 0;
		};
		83FAE19D1B560AFE00AFF0BC /* Frameworks */ = {
			isa = PBXFrameworksBuildPhase;
			buildActionMask = 2147483647;
			files = (
			);
			runOnlyForDeploymentPostprocessing = 0;
		};
/* End PBXFrameworksBuildPhase section */

/* Begin PBXGroup section */
		83FAE17E1B560AFE00AFF0BC = {
			isa = PBXGroup;
			children = (
				83FAE1891B560AFE00AFF0BC /* UICollectionViewWithMenu */,
				83FAE1A31B560AFE00AFF0BC /* UICollectionViewWithMenuTests */,
				83FAE1881B560AFE00AFF0BC /* Products */,
			);
			sourceTree = "<group>";
		};
		83FAE1881B560AFE00AFF0BC /* Products */ = {
			isa = PBXGroup;
			children = (
				83FAE1871B560AFE00AFF0BC /* UICollectionViewWithMenu.app */,
				83FAE1A01B560AFE00AFF0BC /* UICollectionViewWithMenuTests.xctest */,
			);
			name = Products;
			sourceTree = "<group>";
		};
		83FAE1891B560AFE00AFF0BC /* UICollectionViewWithMenu */ = {
			isa = PBXGroup;
			children = (
				83FAE18E1B560AFE00AFF0BC /* AppDelegate.h */,
				83FAE18F1B560AFE00AFF0BC /* AppDelegate.m */,
				83FAE1911B560AFE00AFF0BC /* ViewController.h */,
				83FAE1921B560AFE00AFF0BC /* ViewController.m */,
				83FAE1941B560AFE00AFF0BC /* Main.storyboard */,
				83FAE1971B560AFE00AFF0BC /* Images.xcassets */,
				83FAE1991B560AFE00AFF0BC /* LaunchScreen.xib */,
				83FAE18A1B560AFE00AFF0BC /* Supporting Files */,
			);
			path = UICollectionViewWithMenu;
			sourceTree = "<group>";
		};
		83FAE18A1B560AFE00AFF0BC /* Supporting Files */ = {
			isa = PBXGroup;
			children = (
				83FAE18B1B560AFE00AFF0BC /* Info.plist */,
				83FAE18C1B560AFE00AFF0BC /* main.m */,
			);
			name = "Supporting Files";
			sourceTree = "<group>";
		};
		83FAE1A31B560AFE00AFF0BC /* UICollectionViewWithMenuTests */ = {
			isa = PBXGroup;
			children = (
				83FAE1A61B560AFE00AFF0BC /* UICollectionViewWithMenuTests.m */,
				83FAE1A41B560AFE00AFF0BC /* Supporting Files */,
			);
			path = UICollectionViewWithMenuTests;
			sourceTree = "<group>";
		};
		83FAE1A41B560AFE00AFF0BC /* Supporting Files */ = {
			isa = PBXGroup;
			children = (
				83FAE1A51B560AFE00AFF0BC /* Info.plist */,
			);
			name = "Supporting Files";
			sourceTree = "<group>";
		};
/* End PBXGroup section */

/* Begin PBXNativeTarget section */
		83FAE1861B560AFE00AFF0BC /* UICollectionViewWithMenu */ = {
			isa = PBXNativeTarget;
			buildConfigurationList = 83FAE1AA1B560AFE00AFF0BC /* Build configuration list for PBXNativeTarget "UICollectionViewWithMenu" */;
			buildPhases = (
				83FAE1831B560AFE00AFF0BC /* Sources */,
				83FAE1841B560AFE00AFF0BC /* Frameworks */,
				83FAE1851B560AFE00AFF0BC /* Resources */,
			);
			buildRules = (
			);
			dependencies = (
			);
			name = UICollectionViewWithMenu;
			productName = UICollectionViewWithMenu;
			productReference = 83FAE1871B560AFE00AFF0BC /* UICollectionViewWithMenu.app */;
			productType = "com.apple.product-type.application";
		};
		83FAE19F1B560AFE00AFF0BC /* UICollectionViewWithMenuTests */ = {
			isa = PBXNativeTarget;
			buildConfigurationList = 83FAE1AD1B560AFE00AFF0BC /* Build configuration list for PBXNativeTarget "UICollectionViewWithMenuTests" */;
			buildPhases = (
				83FAE19C1B560AFE00AFF0BC /* Sources */,
				83FAE19D1B560AFE00AFF0BC /* Frameworks */,
				83FAE19E1B560AFE00AFF0BC /* Resources */,
			);
			buildRules = (
			);
			dependencies = (
				83FAE1A21B560AFE00AFF0BC /* PBXTargetDependency */,
			);
			name = UICollectionViewWithMenuTests;
			productName = UICollectionViewWithMenuTests;
			productReference = 83FAE1A01B560AFE00AFF0BC /* UICollectionViewWithMenuTests.xctest */;
			productType = "com.apple.product-type.bundle.unit-test";
		};
/* End PBXNativeTarget section */

/* Begin PBXProject section */
		83FAE17F1B560AFE00AFF0BC /* Project object */ = {
			isa = PBXProject;
			attributes = {
				LastUpgradeCheck = 0630;
				ORGANIZATIONNAME = liangfeizc;
				TargetAttributes = {
					83FAE1861B560AFE00AFF0BC = {
						CreatedOnToolsVersion = 6.3.2;
					};
					83FAE19F1B560AFE00AFF0BC = {
						CreatedOnToolsVersion = 6.3.2;
						TestTargetID = 83FAE1861B560AFE00AFF0BC;
					};
				};
			};
			buildConfigurationList = 83FAE1821B560AFE00AFF0BC /* Build configuration list for PBXProject "UICollectionViewWithMenu" */;
			compatibilityVersion = "Xcode 3.2";
			developmentRegion = English;
			hasScannedForEncodings = 0;
			knownRegions = (
				en,
				Base,
			);
			mainGroup = 83FAE17E1B560AFE00AFF0BC;
			productRefGroup = 83FAE1881B560AFE00AFF0BC /* Products */;
			projectDirPath = "";
			projectRoot = "";
			targets = (
				83FAE1861B560AFE00AFF0BC /* UICollectionViewWithMenu */,
				83FAE19F1B560AFE00AFF0BC /* UICollectionViewWithMenuTests */,
			);
		};
/* End PBXProject section */

/* Begin PBXResourcesBuildPhase section */
		83FAE1851B560AFE00AFF0BC /* Resources */ = {
			isa = PBXResourcesBuildPhase;
			buildActionMask = 2147483647;
			files = (
				83FAE1961B560AFE00AFF0BC /* Main.storyboard in Resources */,
				83FAE19B1B560AFE00AFF0BC /* LaunchScreen.xib in Resources */,
				83FAE1981B560AFE00AFF0BC /* Images.xcassets in Resources */,
			);
			runOnlyForDeploymentPostprocessing = 0;
		};
		83FAE19E1B560AFE00AFF0BC /* Resources */ = {
			isa = PBXResourcesBuildPhase;
			buildActionMask = 2147483647;
			files = (
			);
			runOnlyForDeploymentPostprocessing = 0;
		};
/* End PBXResourcesBuildPhase section */

/* Begin PBXSourcesBuildPhase section */
		83FAE1831B560AFE00AFF0BC /* Sources */ = {
			isa = PBXSourcesBuildPhase;
			buildActionMask = 2147483647;
			files = (
				83FAE1931B560AFE00AFF0BC /* ViewController.m in Sources */,
				83FAE1901B560AFE00AFF0BC /* AppDelegate.m in Sources */,
				83FAE18D1B560AFE00AFF0BC /* main.m in Sources */,
			);
			runOnlyForDeploymentPostprocessing = 0;
		};
		83FAE19C1B560AFE00AFF0BC /* Sources */ = {
			isa = PBXSourcesBuildPhase;
			buildActionMask = 2147483647;
			files = (
				83FAE1A71B560AFE00AFF0BC /* UICollectionViewWithMenuTests.m in Sources */,
			);
			runOnlyForDeploymentPostprocessing = 0;
		};
/* End PBXSourcesBuildPhase section */

/* Begin PBXTargetDependency section */
		83FAE1A21B560AFE00AFF0BC /* PBXTargetDependency */ = {
			isa = PBXTargetDependency;
			target = 83FAE1861B560AFE00AFF0BC /* UICollectionViewWithMenu */;
			targetProxy = 83FAE1A11B560AFE00AFF0BC /* PBXContainerItemProxy */;
		};
/* End PBXTargetDependency section */

/* Begin PBXVariantGroup section */
		83FAE1941B560AFE00AFF0BC /* Main.storyboard */ = {
			isa = PBXVariantGroup;
			children = (
				83FAE1951B560AFE00AFF0BC /* Base */,
			);
			name = Main.storyboard;
			sourceTree = "<group>";
		};
		83FAE1991B560AFE00AFF0BC /* LaunchScreen.xib */ = {
			isa = PBXVariantGroup;
			children = (
				83FAE19A1B560AFE00AFF0BC /* Base */,
			);
			name = LaunchScreen.xib;
			sourceTree = "<group>";
		};
/* End PBXVariantGroup section */

/* Begin XCBuildConfiguration section */
		83FAE1A81B560AFE00AFF0BC /* Debug */ = {
			isa = XCBuildConfiguration;
			buildSettings = {
				ALWAYS_SEARCH_USER_PATHS = NO;
				CLANG_CXX_LANGUAGE_STANDARD = "gnu++0x";
				CLANG_CXX_LIBRARY = "libc++";
				CLANG_ENABLE_MODULES = YES;
				CLANG_ENABLE_OBJC_ARC = YES;
				CLANG_WARN_BOOL_CONVERSION = YES;
				CLANG_WARN_CONSTANT_CONVERSION = YES;
				CLANG_WARN_DIRECT_OBJC_ISA_USAGE = YES_ERROR;
				CLANG_WARN_EMPTY_BODY = YES;
				CLANG_WARN_ENUM_CONVERSION = YES;
				CLANG_WARN_INT_CONVERSION = YES;
				CLANG_WARN_OBJC_ROOT_CLASS = YES_ERROR;
				CLANG_WARN_UNREACHABLE_CODE = YES;
				CLANG_WARN__DUPLICATE_METHOD_MATCH = YES;
				"CODE_SIGN_IDENTITY[sdk=iphoneos*]" = "iPhone Developer";
				COPY_PHASE_STRIP = NO;
				DEBUG_INFORMATION_FORMAT = "dwarf-with-dsym";
				ENABLE_STRICT_OBJC_MSGSEND = YES;
				GCC_C_LANGUAGE_STANDARD = gnu99;
				GCC_DYNAMIC_NO_PIC = NO;
				GCC_NO_COMMON_BLOCKS = YES;
				GCC_OPTIMIZATION_LEVEL = 0;
				GCC_PREPROCESSOR_DEFINITIONS = (
					"DEBUG=1",
					"$(inherited)",
				);
				GCC_SYMBOLS_PRIVATE_EXTERN = NO;
				GCC_WARN_64_TO_32_BIT_CONVERSION = YES;
				GCC_WARN_ABOUT_RETURN_TYPE = YES_ERROR;
				GCC_WARN_UNDECLARED_SELECTOR = YES;
				GCC_WARN_UNINITIALIZED_AUTOS = YES_AGGRESSIVE;
				GCC_WARN_UNUSED_FUNCTION = YES;
				GCC_WARN_UNUSED_VARIABLE = YES;
				IPHONEOS_DEPLOYMENT_TARGET = 8.3;
				MTL_ENABLE_DEBUG_INFO = YES;
				ONLY_ACTIVE_ARCH = YES;
				SDKROOT = iphoneos;
			};
			name = Debug;
		};
		83FAE1A91B560AFE00AFF0BC /* Release */ = {
			isa = XCBuildConfiguration;
			buildSettings = {
				ALWAYS_SEARCH_USER_PATHS = NO;
				CLANG_CXX_LANGUAGE_STANDARD = "gnu++0x";
				CLANG_CXX_LIBRARY = "libc++";
				CLANG_ENABLE_MODULES = YES;
				CLANG_ENABLE_OBJC_ARC = YES;
				CLANG_WARN_BOOL_CONVERSION = YES;
				CLANG_WARN_CONSTANT_CONVERSION = YES;
				CLANG_WARN_DIRECT_OBJC_ISA_USAGE = YES_ERROR;
				CLANG_WARN_EMPTY_BODY = YES;
				CLANG_WARN_ENUM_CONVERSION = YES;
				CLANG_WARN_INT_CONVERSION = YES;
				CLANG_WARN_OBJC_ROOT_CLASS = YES_ERROR;
				CLANG_WARN_UNREACHABLE_CODE = YES;
				CLANG_WARN__DUPLICATE_METHOD_MATCH = YES;
				"CODE_SIGN_IDENTITY[sdk=iphoneos*]" = "iPhone Developer";
				COPY_PHASE_STRIP = NO;
				DEBUG_INFORMATION_FORMAT = "dwarf-with-dsym";
				ENABLE_NS_ASSERTIONS = NO;
				ENABLE_STRICT_OBJC_MSGSEND = YES;
				GCC_C_LANGUAGE_STANDARD = gnu99;
				GCC_NO_COMMON_BLOCKS = YES;
				GCC_WARN_64_TO_32_BIT_CONVERSION = YES;
				GCC_WARN_ABOUT_RETURN_TYPE = YES_ERROR;
				GCC_WARN_UNDECLARED_SELECTOR = YES;
				GCC_WARN_UNINITIALIZED_AUTOS = YES_AGGRESSIVE;
				GCC_WARN_UNUSED_FUNCTION = YES;
				GCC_WARN_UNUSED_VARIABLE = YES;
				IPHONEOS_DEPLOYMENT_TARGET = 8.3;
				MTL_ENABLE_DEBUG_INFO = NO;
				SDKROOT = iphoneos;
				VALIDATE_PRODUCT = YES;
			};
			name = Release;
		};
		83FAE1AB1B560AFE00AFF0BC /* Debug */ = {
			isa = XCBuildConfiguration;
			buildSettings = {
				ASSETCATALOG_COMPILER_APPICON_NAME = AppIcon;
				INFOPLIST_FILE = UICollectionViewWithMenu/Info.plist;
				LD_RUNPATH_SEARCH_PATHS = "$(inherited) @executable_path/Frameworks";
				PRODUCT_NAME = "$(TARGET_NAME)";
			};
			name = Debug;
		};
		83FAE1AC1B560AFE00AFF0BC /* Release */ = {
			isa = XCBuildConfiguration;
			buildSettings = {
				ASSETCATALOG_COMPILER_APPICON_NAME = AppIcon;
				INFOPLIST_FILE = UICollectionViewWithMenu/Info.plist;
				LD_RUNPATH_SEARCH_PATHS = "$(inherited) @executable_path/Frameworks";
				PRODUCT_NAME = "$(TARGET_NAME)";
			};
			name = Release;
		};
		83FAE1AE1B560AFE00AFF0BC /* Debug */ = {
			isa = XCBuildConfiguration;
			buildSettings = {
				BUNDLE_LOADER = "$(TEST_HOST)";
				FRAMEWORK_SEARCH_PATHS = (
					"$(SDKROOT)/Developer/Library/Frameworks",
					"$(inherited)",
				);
				GCC_PREPROCESSOR_DEFINITIONS = (
					"DEBUG=1",
					"$(inherited)",
				);
				INFOPLIST_FILE = UICollectionViewWithMenuTests/Info.plist;
				LD_RUNPATH_SEARCH_PATHS = "$(inherited) @executable_path/Frameworks @loader_path/Frameworks";
				PRODUCT_NAME = "$(TARGET_NAME)";
				TEST_HOST = "$(BUILT_PRODUCTS_DIR)/UICollectionViewWithMenu.app/UICollectionViewWithMenu";
			};
			name = Debug;
		};
		83FAE1AF1B560AFE00AFF0BC /* Release */ = {
			isa = XCBuildConfiguration;
			buildSettings = {
				BUNDLE_LOADER = "$(TEST_HOST)";
				FRAMEWORK_SEARCH_PATHS = (
					"$(SDKROOT)/Developer/Library/Frameworks",
					"$(inherited)",
				);
				INFOPLIST_FILE = UICollectionViewWithMenuTests/Info.plist;
				LD_RUNPATH_SEARCH_PATHS = "$(inherited) @executable_path/Frameworks @loader_path/Frameworks";
				PRODUCT_NAME = "$(TARGET_NAME)";
				TEST_HOST = "$(BUILT_PRODUCTS_DIR)/UICollectionViewWithMenu.app/UICollectionViewWithMenu";
			};
			name = Release;
		};
/* End XCBuildConfiguration section */

/* Begin XCConfigurationList section */
		83FAE1821B560AFE00AFF0BC /* Build configuration list for PBXProject "UICollectionViewWithMenu" */ = {
			isa = XCConfigurationList;
			buildConfigurations = (
				83FAE1A81B560AFE00AFF0BC /* Debug */,
				83FAE1A91B560AFE00AFF0BC /* Release */,
			);
			defaultConfigurationIsVisible = 0;
			defaultConfigurationName = Release;
		};
		83FAE1AA1B560AFE00AFF0BC /* Build configuration list for PBXNativeTarget "UICollectionViewWithMenu" */ = {
			isa = XCConfigurationList;
			buildConfigurations = (
				83FAE1AB1B560AFE00AFF0BC /* Debug */,
				83FAE1AC1B560AFE00AFF0BC /* Release */,
			);
			defaultConfigurationIsVisible = 0;
		};
		83FAE1AD1B560AFE00AFF0BC /* Build configuration list for PBXNativeTarget "UICollectionViewWithMenuTests" */ = {
			isa = XCConfigurationList;
			buildConfigurations = (
				83FAE1AE1B560AFE00AFF0BC /* Debug */,
				83FAE1AF1B560AFE00AFF0BC /* Release */,
			);
			defaultConfigurationIsVisible = 0;
		};
/* End XCConfigurationList section */
	};
	rootObject = 83FAE17F1B560AFE00AFF0BC /* Project object */;
}
